
Microsoft Visual Studio Solution File, Format Version 12.00
# Visual Studio 15
VisualStudioVersion = 15.0.27130.2026
MinimumVisualStudioVersion = 10.0.40219.1
Project("{2150E333-8FDC-42A3-9474-1A3956D46DE8}") = "Patrones_Creacionales", "Patrones_Creacionales", "{FA4F0D1D-2159-48DF-8692-DA8BE2934C6C}"
EndProject
Project("{2150E333-8FDC-42A3-9474-1A3956D46DE8}") = "Patrones_Estructurales", "Patrones_Estructurales", "{AFC809A4-C2C4-4D80-B6D8-D6C755E4177F}"
EndProject
Project("{2150E333-8FDC-42A3-9474-1A3956D46DE8}") = "Patrones_Comportamiento", "Patrones_Comportamiento", "{DBE4EE45-D277-4B3B-8323-8D48B9574474}"
EndProject
Project("{FAE04EC0-301F-11D3-BF4B-00C04F79EFBC}") = "Abstract_Factory", "Abstract_Factory\Abstract_Factory.csproj", "{BF6167A6-62E7-4540-B515-5C68739F915A}"
EndProject
Global
	GlobalSection(SolutionConfigurationPlatforms) = preSolution
		Debug|Any CPU = Debug|Any CPU
		Release|Any CPU = Release|Any CPU
	EndGlobalSection
	GlobalSection(ProjectConfigurationPlatforms) = postSolution
		{BF6167A6-62E7-4540-B515-5C68739F915A}.Debug|Any CPU.ActiveCfg = Debug|Any CPU
		{BF6167A6-62E7-4540-B515-5C68739F915A}.Debug|Any CPU.Build.0 = Debug|Any CPU
		{BF6167A6-62E7-4540-B515-5C68739F915A}.Release|Any CPU.ActiveCfg = Release|Any CPU
		{BF6167A6-62E7-4540-B515-5C68739F915A}.Release|Any CPU.Build.0 = Release|Any CPU
	EndGlobalSection
	GlobalSection(SolutionProperties) = preSolution
		HideSolutionNode = FALSE
	EndGlobalSection
	GlobalSection(NestedProjects) = preSolution
		{BF6167A6-62E7-4540-B515-5C68739F915A} = {FA4F0D1D-2159-48DF-8692-DA8BE2934C6C}
	EndGlobalSection
	GlobalSection(ExtensibilityGlobals) = postSolution
		SolutionGuid = {11013A5F-BB63-4BC1-8DDF-DC77C8CF4094}
	EndGlobalSection
EndGlobal
